
Microsoft Visual Studio Solution File, Format Version 12.00
# Visual Studio Version 18
VisualStudioVersion = 18.3.11505.172 d18.3
MinimumVisualStudioVersion = 10.0.40219.1
Project("{FAE04EC0-301F-11D3-BF4B-00C04F79EFBC}") = "PcScreenCast", "PcScreenCast.csproj", "{4459BFB9-4B0D-F221-97C3-F8754DB0D425}"
EndProject
Global
	GlobalSection(SolutionConfigurationPlatforms) = preSolution
		Debug|Any CPU = Debug|Any CPU
		Release|Any CPU = Release|Any CPU
	EndGlobalSection
	GlobalSection(ProjectConfigurationPlatforms) = postSolution
		{4459BFB9-4B0D-F221-97C3-F8754DB0D425}.Debug|Any CPU.ActiveCfg = Debug|Any CPU
		{4459BFB9-4B0D-F221-97C3-F8754DB0D425}.Debug|Any CPU.Build.0 = Debug|Any CPU
		{4459BFB9-4B0D-F221-97C3-F8754DB0D425}.Release|Any CPU.ActiveCfg = Release|Any CPU
		{4459BFB9-4B0D-F221-97C3-F8754DB0D425}.Release|Any CPU.Build.0 = Release|Any CPU
	EndGlobalSection
	GlobalSection(SolutionProperties) = preSolution
		HideSolutionNode = FALSE
	EndGlobalSection
	GlobalSection(ExtensibilityGlobals) = postSolution
		SolutionGuid = {B180E980-A42A-45A4-935C-A63B8F79967C}
	EndGlobalSection
EndGlobal
